{
  "name": "investmenttargets",
  "version": "1.0.0",
  "lockfileVersion": 2,
  "requires": true,
  "packages": {
    "": {
      "name": "investmenttargets",
      "version": "1.0.0",
      "license": "ISC",
      "dependencies": {
        "typescript": "^4.3.5"
      }
    },
    "node_modules/typescript": {
      "version": "4.3.5",
      "resolved": "https://oppartifactory.eficode.com/api/npm/op-npm-general/typescript/-/typescript-4.3.5.tgz",
      "integrity": "sha1-TRw3zBbok5c8RaBohrcRMjTxGfQ=",
      "license": "Apache-2.0",
      "bin": {
        "tsc": "bin/tsc",
        "tsserver": "bin/tsserver"
      },
      "engines": {
        "node": ">=4.2.0"
      }
    }
  },
  "dependencies": {
    "typescript": {
      "version": "4.3.5",
      "resolved": "https://oppartifactory.eficode.com/api/npm/op-npm-general/typescript/-/typescript-4.3.5.tgz",
      "integrity": "sha1-TRw3zBbok5c8RaBohrcRMjTxGfQ="
    }
  }
}
